
Microsoft Visual Studio Solution File, Format Version 12.00
Project("{FAE04EC0-301F-11D3-BF4B-00C04F79EFBC}") = "MyOpenAIIntegrationAPI", "MyOpenAIIntegrationAPI\MyOpenAIIntegrationAPI.csproj", "{912004C3-A452-405D-8F52-C556F9BE8996}"
EndProject
Global
	GlobalSection(SolutionConfigurationPlatforms) = preSolution
		Debug|Any CPU = Debug|Any CPU
		Release|Any CPU = Release|Any CPU
	EndGlobalSection
	GlobalSection(ProjectConfigurationPlatforms) = postSolution
		{912004C3-A452-405D-8F52-C556F9BE8996}.Debug|Any CPU.ActiveCfg = Debug|Any CPU
		{912004C3-A452-405D-8F52-C556F9BE8996}.Debug|Any CPU.Build.0 = Debug|Any CPU
		{912004C3-A452-405D-8F52-C556F9BE8996}.Release|Any CPU.ActiveCfg = Release|Any CPU
		{912004C3-A452-405D-8F52-C556F9BE8996}.Release|Any CPU.Build.0 = Release|Any CPU
	EndGlobalSection
EndGlobal
